<?xml version="1.0" encoding="UTF-8" standalone="yes" ?>
<CodeBlocks_project_file>
	<FileVersion major="1" minor="6" />
	<Project>
		<Option title="Common" />
		<Option pch_mode="2" />
		<Option compiler="pgifortran" />
		<Build>
			<Target title="Debug">
				<Option output="~/meanFieldworkspace/mfpscu_Developing/LIB/Debug/Common" prefix_auto="1" extension_auto="1" />
				<Option working_dir="" />
				<Option object_output="~/meanFieldworkspace/mfpscu_Developing/LIB/Debug/" />
				<Option type="2" />
				<Option compiler="pgifortran" />
				<Option createDefFile="1" />
				<Compiler>
					<Add option="-Minform=inform" />
					<Add option="-g" />
				</Compiler>
			</Target>
			<Target title="Release">
				<Option output="~/meanFieldworkspace/mfpscu_Developing/LIB/Release/Common" prefix_auto="1" extension_auto="1" />
				<Option working_dir="" />
				<Option object_output="~/meanFieldworkspace/mfpscu_Developing/LIB/Release/" />
				<Option type="2" />
				<Option compiler="pgifortran" />
				<Option createDefFile="1" />
				<Compiler>
					<Add option="-Minform=inform" />
					<Add option="-O2" />
				</Compiler>
			</Target>
		</Build>
		<Unit filename="../sor/Common/MCLIB_TYPEDEF_SimCtrlParam.F90" />
		<Unit filename="../sor/Common/MCMF_CONSTANTS.F90" />
		<Unit filename="../sor/Common/MCMF_GLOBAL.F90" />
		<Unit filename="../sor/Common/MCMF_TYPEDEF_ACLUSTER.F90" />
		<Unit filename="../sor/Common/MCMF_TYPEDEF_ATOMSLIST.F90" />
		<Unit filename="../sor/Common/MCMF_TYPEDEF_DiffusorPropList.F90" />
		<Unit filename="../sor/Common/MCMF_TYPEDEF_DiffusorsValue.F90" />
		<Unit filename="../sor/Common/MCMF_TYPEDEF_Geometry.F90" />
		<Unit filename="../sor/Common/MCMF_TYPEDEF_ReactionPropList.F90" />
		<Unit filename="../sor/Common/MCMF_TYPEDEF_ReactionsValue.F90" />
		<Unit filename="../sor/Common/MCMF_TYPEDEF_SimBoxArray.F90" />
		<Unit filename="../sor/Common/MCMF_TYPEDEF_SimCtrlParam.F90" />
		<Unit filename="../sor/Common/MCMF_TYPEDEF_USUAL.F90" />
		<Unit filename="../sor/Common/MCMF_Utilities.F90" />
		<Unit filename="../sor/Common/MCMF_Utilities_Former.F90" />
		<Extensions>
			<envvars />
			<code_completion />
			<lib_finder disable_auto="1" />
			<debugger />
		</Extensions>
	</Project>
</CodeBlocks_project_file>
