<?xml version="1.0" encoding="UTF-8" standalone="yes" ?>
<CodeBlocks_project_file>
	<FileVersion major="1" minor="6" />
	<Project>
		<Option title="AppShell" />
		<Option pch_mode="2" />
		<Option compiler="pgifortran" />
		<Build>
			<Target title="Debug">
				<Option output="~/meanFieldworkspace/mfpscu_Developing/LIB/Debug/AppShell" prefix_auto="1" extension_auto="1" />
				<Option working_dir="" />
				<Option object_output="~/meanFieldworkspace/mfpscu_Developing/LIB/Debug/" />
				<Option type="2" />
				<Option compiler="pgifortran" />
				<Option createDefFile="1" />
				<Compiler>
					<Add option="-Minform=inform" />
					<Add option="-g" />
				</Compiler>
			</Target>
			<Target title="Release">
				<Option output="~/meanFieldworkspace/mfpscu_Developing/LIB/Release/AppShell" prefix_auto="1" extension_auto="1" />
				<Option working_dir="" />
				<Option object_output="~/meanFieldworkspace/mfpscu_Developing/LIB/Release/" />
				<Option type="2" />
				<Option compiler="pgifortran" />
				<Option createDefFile="1" />
				<Compiler>
					<Add option="-Minform=inform" />
					<Add option="-O2" />
				</Compiler>
			</Target>
		</Build>
		<Unit filename="../sor/AppShell/MF_MethodClass_Factory_CPU.F90" />
		<Unit filename="../sor/AppShell/MF_Method_MIGCOALE_CLUSTER_CPU.F90" />
		<Unit filename="../sor/AppShell/MF_SimBoxArray_AppShell_CPU.F90" />
		<Unit filename="../sor/AppShell/MF_SimBoxArray_ToolShell_CPU.F90" />
		<Unit filename="../sor/AppShell/Nucleation_SpaceDist.F90">
			<Option weight="0" />
		</Unit>
		<Extensions>
			<envvars />
			<code_completion />
			<lib_finder disable_auto="1" />
			<debugger />
		</Extensions>
	</Project>
</CodeBlocks_project_file>
