<?xml version="1.0" encoding="UTF-8" standalone="yes" ?>
<CodeBlocks_project_file>
	<FileVersion major="1" minor="6" />
	<Project>
		<Option title="MigCoaleModel" />
		<Option pch_mode="2" />
		<Option compiler="pgifortran" />
		<Build>
			<Target title="Debug">
				<Option output="~/meanFieldworkspace/mfpscu_Developing/LIB/Debug/MigCoaleModel" prefix_auto="1" extension_auto="1" />
				<Option working_dir="" />
				<Option object_output="~/meanFieldworkspace/mfpscu_Developing/LIB/Debug/" />
				<Option type="2" />
				<Option compiler="pgifortran" />
				<Option createDefFile="1" />
				<Compiler>
					<Add option="-Minform=inform" />
					<Add option="-g" />
				</Compiler>
			</Target>
			<Target title="Release">
				<Option output="~/meanFieldworkspace/mfpscu_Developing/LIB/Release/MigCoaleModel" prefix_auto="1" extension_auto="1" />
				<Option working_dir="" />
				<Option object_output="~/meanFieldworkspace/mfpscu_Developing/LIB/Release/" />
				<Option type="2" />
				<Option compiler="pgifortran" />
				<Option createDefFile="1" />
				<Compiler>
					<Add option="-Minform=inform" />
					<Add option="-O2" />
				</Compiler>
			</Target>
		</Build>
		<Unit filename="../sor/MigCoaleModel/MigCoale_AddOnData_Host.F90">
			<Option weight="0" />
		</Unit>
		<Unit filename="../sor/MigCoaleModel/MigCoale_Evolution_DepthDist.F90">
			<Option weight="0" />
		</Unit>
		<Unit filename="../sor/MigCoaleModel/MigCoale_Evolution_ThreeDimDist.F90">
			<Option weight="0" />
		</Unit>
		<Unit filename="../sor/MigCoaleModel/MigCoale_Evolution_UniformDist.F90">
			<Option weight="0" />
		</Unit>
		<Unit filename="../sor/MigCoaleModel/MigCoale_Implantation.F90" />
		<Unit filename="../sor/MigCoaleModel/MigCoale_Statistic_CPU.F90">
			<Option weight="1" />
		</Unit>
		<Unit filename="../sor/MigCoaleModel/MigCoale_TYPEDEF_SimRecord.F90">
			<Option weight="0" />
		</Unit>
		<Unit filename="../sor/MigCoaleModel/MigCoale_TYPEDEF_StatisticInfo.F90">
			<Option weight="0" />
		</Unit>
		<Unit filename="../sor/MigCoaleModel/MigCoale_TimeCtl.F90">
			<Option weight="1" />
		</Unit>
		<Unit filename="../sor/MigCoaleModel/Nucleation_Grub.F90">
			<Option weight="0" />
		</Unit>
		<Unit filename="../sor/MigCoaleModel/Nucleation_Implant.F90">
			<Option weight="0" />
		</Unit>
		<Unit filename="../sor/MigCoaleModel/Nucleation_SpaceDist.F90">
			<Option weight="1" />
		</Unit>
		<Extensions>
			<code_completion />
			<envvars />
			<lib_finder disable_auto="1" />
			<debugger />
		</Extensions>
	</Project>
</CodeBlocks_project_file>
