<?xml version="1.0" encoding="UTF-8" standalone="yes" ?>
<CodeBlocks_project_file>
	<FileVersion major="1" minor="6" />
	<Project>
		<Option title="RandGenerators" />
		<Option pch_mode="2" />
		<Option compiler="pgifortran" />
		<Build>
			<Target title="Debug">
				<Option output="~/meanFieldworkspace/mfpscu_Developing/LIB/Debug/RandGenerators" prefix_auto="1" extension_auto="1" />
				<Option working_dir="" />
				<Option object_output="~/meanFieldworkspace/mfpscu_Developing/LIB/Debug/" />
				<Option type="2" />
				<Option compiler="pgifortran" />
				<Option createDefFile="1" />
				<Compiler>
					<Add option="-g" />
					<Add option="-Mcuda=cuda8.0,cc35,nodebug,nollvm" />
				</Compiler>
			</Target>
			<Target title="Release">
				<Option output="~/meanFieldworkspace/mfpscu_Developing/LIB/Release/RandGenerators" prefix_auto="1" extension_auto="1" />
				<Option working_dir="" />
				<Option object_output="~/meanFieldworkspace/mfpscu_Developing/LIB/Release/" />
				<Option type="2" />
				<Option compiler="pgifortran" />
				<Option createDefFile="1" />
				<Compiler>
					<Add option="-fast" />
					<Add option="-tp sandybridge-64 -Mvect=sse,simd -Minform=warn -Minfo=all -Mcuda=fastmath,cuda8.0,cc35" />
				</Compiler>
			</Target>
		</Build>
		<Unit filename="../sor/f/RandGenerators/DRAND32.F90">
			<Option weight="0" />
		</Unit>
		<Unit filename="../sor/f/RandGenerators/DRAND32SEEDLIB.F90">
			<Option weight="0" />
		</Unit>
		<Extensions>
			<envvars />
			<code_completion />
			<lib_finder disable_auto="1" />
			<debugger />
		</Extensions>
	</Project>
</CodeBlocks_project_file>
